
Microsoft Visual Studio Solution File, Format Version 12.00
# Visual Studio 15
VisualStudioVersion = 15.0.27703.2026
MinimumVisualStudioVersion = 10.0.40219.1
Project("{8BC9CEB8-8B4A-11D0-8D11-00A0C91BC942}") = "LabTestPrepProject", "LabTestPrepProject.vcxproj", "{60D45FF7-8C2F-42A0-8E2D-1C579BE7D972}"
EndProject
Global
	GlobalSection(SolutionConfigurationPlatforms) = preSolution
		Debug|x64 = Debug|x64
		Debug|x86 = Debug|x86
		Release|x64 = Release|x64
		Release|x86 = Release|x86
	EndGlobalSection
	GlobalSection(ProjectConfigurationPlatforms) = postSolution
		{60D45FF7-8C2F-42A0-8E2D-1C579BE7D972}.Debug|x64.ActiveCfg = Debug|x64
		{60D45FF7-8C2F-42A0-8E2D-1C579BE7D972}.Debug|x64.Build.0 = Debug|x64
		{60D45FF7-8C2F-42A0-8E2D-1C579BE7D972}.Debug|x86.ActiveCfg = Debug|Win32
		{60D45FF7-8C2F-42A0-8E2D-1C579BE7D972}.Debug|x86.Build.0 = Debug|Win32
		{60D45FF7-8C2F-42A0-8E2D-1C579BE7D972}.Release|x64.ActiveCfg = Release|x64
		{60D45FF7-8C2F-42A0-8E2D-1C579BE7D972}.Release|x64.Build.0 = Release|x64
		{60D45FF7-8C2F-42A0-8E2D-1C579BE7D972}.Release|x86.ActiveCfg = Release|Win32
		{60D45FF7-8C2F-42A0-8E2D-1C579BE7D972}.Release|x86.Build.0 = Release|Win32
	EndGlobalSection
	GlobalSection(SolutionProperties) = preSolution
		HideSolutionNode = FALSE
	EndGlobalSection
	GlobalSection(ExtensibilityGlobals) = postSolution
		SolutionGuid = {4716438C-A58A-4363-AD01-C80C1A6FC10B}
	EndGlobalSection
EndGlobal
